// !$*UTF8*$!
{
	archiveVersion = 1;
	classes = {
	};
	objectVersion = 48;
	objects = {

/* Begin PBXBuildFile section */
		74839457201CF36500562C4A /* LearningEncoder.framework in Frameworks */ = {isa = PBXBuildFile; fileRef = 7483944D201CF36500562C4A /* LearningEncoder.framework */; };
		7483945C201CF36500562C4A /* LearningEncoderTests.swift in Sources */ = {isa = PBXBuildFile; fileRef = 7483945B201CF36500562C4A /* LearningEncoderTests.swift */; };
		7483945E201CF36500562C4A /* LearningEncoder.h in Headers */ = {isa = PBXBuildFile; fileRef = 74839450201CF36500562C4A /* LearningEncoder.h */; settings = {ATTRIBUTES = (Public, ); }; };
		74839468201CF3EB00562C4A /* Encoder.swift in Sources */ = {isa = PBXBuildFile; fileRef = 74839467201CF3EB00562C4A /* Encoder.swift */; };
		7483946A201CFB2500562C4A /* Container.swift in Sources */ = {isa = PBXBuildFile; fileRef = 74839469201CFB2500562C4A /* Container.swift */; };
		7483946C201D01E700562C4A /* SingleValueContainer.swift in Sources */ = {isa = PBXBuildFile; fileRef = 7483946B201D01E700562C4A /* SingleValueContainer.swift */; };
		7483946E201D072E00562C4A /* DictionaryContainer.swift in Sources */ = {isa = PBXBuildFile; fileRef = 7483946D201D072E00562C4A /* DictionaryContainer.swift */; };
		74EA021D201D39E70008C9BF /* ListContainer.swift in Sources */ = {isa = PBXBuildFile; fileRef = 74EA021C201D39E70008C9BF /* ListContainer.swift */; };
		74EA021F201D43790008C9BF /* ClassContainer.swift in Sources */ = {isa = PBXBuildFile; fileRef = 74EA021E201D43790008C9BF /* ClassContainer.swift */; };
/* End PBXBuildFile section */

/* Begin PBXContainerItemProxy section */
		74839458201CF36500562C4A /* PBXContainerItemProxy */ = {
			isa = PBXContainerItemProxy;
			containerPortal = 74839444201CF36400562C4A /* Project object */;
			proxyType = 1;
			remoteGlobalIDString = 7483944C201CF36500562C4A;
			remoteInfo = LearningEncoder;
		};
/* End PBXContainerItemProxy section */

/* Begin PBXFileReference section */
		7483944D201CF36500562C4A /* LearningEncoder.framework */ = {isa = PBXFileReference; explicitFileType = wrapper.framework; includeInIndex = 0; path = LearningEncoder.framework; sourceTree = BUILT_PRODUCTS_DIR; };
		74839450201CF36500562C4A /* LearningEncoder.h */ = {isa = PBXFileReference; lastKnownFileType = sourcecode.c.h; path = LearningEncoder.h; sourceTree = "<group>"; };
		74839451201CF36500562C4A /* Info.plist */ = {isa = PBXFileReference; lastKnownFileType = text.plist.xml; path = Info.plist; sourceTree = "<group>"; };
		74839456201CF36500562C4A /* LearningEncoderTests.xctest */ = {isa = PBXFileReference; explicitFileType = wrapper.cfbundle; includeInIndex = 0; path = LearningEncoderTests.xctest; sourceTree = BUILT_PRODUCTS_DIR; };
		7483945B201CF36500562C4A /* LearningEncoderTests.swift */ = {isa = PBXFileReference; lastKnownFileType = sourcecode.swift; path = LearningEncoderTests.swift; sourceTree = "<group>"; };
		7483945D201CF36500562C4A /* Info.plist */ = {isa = PBXFileReference; lastKnownFileType = text.plist.xml; path = Info.plist; sourceTree = "<group>"; };
		74839467201CF3EB00562C4A /* Encoder.swift */ = {isa = PBXFileReference; lastKnownFileType = sourcecode.swift; path = Encoder.swift; sourceTree = "<group>"; };
		74839469201CFB2500562C4A /* Container.swift */ = {isa = PBXFileReference; lastKnownFileType = sourcecode.swift; path = Container.swift; sourceTree = "<group>"; };
		7483946B201D01E700562C4A /* SingleValueContainer.swift */ = {isa = PBXFileReference; lastKnownFileType = sourcecode.swift; path = SingleValueContainer.swift; sourceTree = "<group>"; };
		7483946D201D072E00562C4A /* DictionaryContainer.swift */ = {isa = PBXFileReference; lastKnownFileType = sourcecode.swift; path = DictionaryContainer.swift; sourceTree = "<group>"; };
		74EA021C201D39E70008C9BF /* ListContainer.swift */ = {isa = PBXFileReference; lastKnownFileType = sourcecode.swift; path = ListContainer.swift; sourceTree = "<group>"; };
		74EA021E201D43790008C9BF /* ClassContainer.swift */ = {isa = PBXFileReference; lastKnownFileType = sourcecode.swift; path = ClassContainer.swift; sourceTree = "<group>"; };
/* End PBXFileReference section */

/* Begin PBXFrameworksBuildPhase section */
		74839449201CF36500562C4A /* Frameworks */ = {
			isa = PBXFrameworksBuildPhase;
			buildActionMask = 2147483647;
			files = (
			);
			runOnlyForDeploymentPostprocessing = 0;
		};
		74839453201CF36500562C4A /* Frameworks */ = {
			isa = PBXFrameworksBuildPhase;
			buildActionMask = 2147483647;
			files = (
				74839457201CF36500562C4A /* LearningEncoder.framework in Frameworks */,
			);
			runOnlyForDeploymentPostprocessing = 0;
		};
/* End PBXFrameworksBuildPhase section */

/* Begin PBXGroup section */
		74839443201CF36400562C4A = {
			isa = PBXGroup;
			children = (
				7483944F201CF36500562C4A /* LearningEncoder */,
				7483945A201CF36500562C4A /* LearningEncoderTests */,
				7483944E201CF36500562C4A /* Products */,
			);
			sourceTree = "<group>";
		};
		7483944E201CF36500562C4A /* Products */ = {
			isa = PBXGroup;
			children = (
				7483944D201CF36500562C4A /* LearningEncoder.framework */,
				74839456201CF36500562C4A /* LearningEncoderTests.xctest */,
			);
			name = Products;
			sourceTree = "<group>";
		};
		7483944F201CF36500562C4A /* LearningEncoder */ = {
			isa = PBXGroup;
			children = (
				74839450201CF36500562C4A /* LearningEncoder.h */,
				74839467201CF3EB00562C4A /* Encoder.swift */,
				74839469201CFB2500562C4A /* Container.swift */,
				7483946B201D01E700562C4A /* SingleValueContainer.swift */,
				74EA021E201D43790008C9BF /* ClassContainer.swift */,
				7483946D201D072E00562C4A /* DictionaryContainer.swift */,
				74EA021C201D39E70008C9BF /* ListContainer.swift */,
				74839451201CF36500562C4A /* Info.plist */,
			);
			path = LearningEncoder;
			sourceTree = "<group>";
		};
		7483945A201CF36500562C4A /* LearningEncoderTests */ = {
			isa = PBXGroup;
			children = (
				7483945B201CF36500562C4A /* LearningEncoderTests.swift */,
				7483945D201CF36500562C4A /* Info.plist */,
			);
			path = LearningEncoderTests;
			sourceTree = "<group>";
		};
/* End PBXGroup section */

/* Begin PBXHeadersBuildPhase section */
		7483944A201CF36500562C4A /* Headers */ = {
			isa = PBXHeadersBuildPhase;
			buildActionMask = 2147483647;
			files = (
				7483945E201CF36500562C4A /* LearningEncoder.h in Headers */,
			);
			runOnlyForDeploymentPostprocessing = 0;
		};
/* End PBXHeadersBuildPhase section */

/* Begin PBXNativeTarget section */
		7483944C201CF36500562C4A /* LearningEncoder */ = {
			isa = PBXNativeTarget;
			buildConfigurationList = 74839461201CF36500562C4A /* Build configuration list for PBXNativeTarget "LearningEncoder" */;
			buildPhases = (
				74839448201CF36500562C4A /* Sources */,
				74839449201CF36500562C4A /* Frameworks */,
				7483944A201CF36500562C4A /* Headers */,
				7483944B201CF36500562C4A /* Resources */,
			);
			buildRules = (
			);
			dependencies = (
			);
			name = LearningEncoder;
			productName = LearningEncoder;
			productReference = 7483944D201CF36500562C4A /* LearningEncoder.framework */;
			productType = "com.apple.product-type.framework";
		};
		74839455201CF36500562C4A /* LearningEncoderTests */ = {
			isa = PBXNativeTarget;
			buildConfigurationList = 74839464201CF36500562C4A /* Build configuration list for PBXNativeTarget "LearningEncoderTests" */;
			buildPhases = (
				74839452201CF36500562C4A /* Sources */,
				74839453201CF36500562C4A /* Frameworks */,
				74839454201CF36500562C4A /* Resources */,
			);
			buildRules = (
			);
			dependencies = (
				74839459201CF36500562C4A /* PBXTargetDependency */,
			);
			name = LearningEncoderTests;
			productName = LearningEncoderTests;
			productReference = 74839456201CF36500562C4A /* LearningEncoderTests.xctest */;
			productType = "com.apple.product-type.bundle.unit-test";
		};
/* End PBXNativeTarget section */

/* Begin PBXProject section */
		74839444201CF36400562C4A /* Project object */ = {
			isa = PBXProject;
			attributes = {
				LastSwiftUpdateCheck = 0920;
				LastUpgradeCheck = 0920;
				ORGANIZATIONNAME = Devian;
				TargetAttributes = {
					7483944C201CF36500562C4A = {
						CreatedOnToolsVersion = 9.2;
						LastSwiftMigration = 0920;
						ProvisioningStyle = Automatic;
					};
					74839455201CF36500562C4A = {
						CreatedOnToolsVersion = 9.2;
						ProvisioningStyle = Automatic;
					};
				};
			};
			buildConfigurationList = 74839447201CF36400562C4A /* Build configuration list for PBXProject "LearningEncoder" */;
			compatibilityVersion = "Xcode 8.0";
			developmentRegion = en;
			hasScannedForEncodings = 0;
			knownRegions = (
				en,
			);
			mainGroup = 74839443201CF36400562C4A;
			productRefGroup = 7483944E201CF36500562C4A /* Products */;
			projectDirPath = "";
			projectRoot = "";
			targets = (
				7483944C201CF36500562C4A /* LearningEncoder */,
				74839455201CF36500562C4A /* LearningEncoderTests */,
			);
		};
/* End PBXProject section */

/* Begin PBXResourcesBuildPhase section */
		7483944B201CF36500562C4A /* Resources */ = {
			isa = PBXResourcesBuildPhase;
			buildActionMask = 2147483647;
			files = (
			);
			runOnlyForDeploymentPostprocessing = 0;
		};
		74839454201CF36500562C4A /* Resources */ = {
			isa = PBXResourcesBuildPhase;
			buildActionMask = 2147483647;
			files = (
			);
			runOnlyForDeploymentPostprocessing = 0;
		};
/* End PBXResourcesBuildPhase section */

/* Begin PBXSourcesBuildPhase section */
		74839448201CF36500562C4A /* Sources */ = {
			isa = PBXSourcesBuildPhase;
			buildActionMask = 2147483647;
			files = (
				74EA021F201D43790008C9BF /* ClassContainer.swift in Sources */,
				7483946C201D01E700562C4A /* SingleValueContainer.swift in Sources */,
				7483946E201D072E00562C4A /* DictionaryContainer.swift in Sources */,
				74EA021D201D39E70008C9BF /* ListContainer.swift in Sources */,
				74839468201CF3EB00562C4A /* Encoder.swift in Sources */,
				7483946A201CFB2500562C4A /* Container.swift in Sources */,
			);
			runOnlyForDeploymentPostprocessing = 0;
		};
		74839452201CF36500562C4A /* Sources */ = {
			isa = PBXSourcesBuildPhase;
			buildActionMask = 2147483647;
			files = (
				7483945C201CF36500562C4A /* LearningEncoderTests.swift in Sources */,
			);
			runOnlyForDeploymentPostprocessing = 0;
		};
/* End PBXSourcesBuildPhase section */

/* Begin PBXTargetDependency section */
		74839459201CF36500562C4A /* PBXTargetDependency */ = {
			isa = PBXTargetDependency;
			target = 7483944C201CF36500562C4A /* LearningEncoder */;
			targetProxy = 74839458201CF36500562C4A /* PBXContainerItemProxy */;
		};
/* End PBXTargetDependency section */

/* Begin XCBuildConfiguration section */
		7483945F201CF36500562C4A /* Debug */ = {
			isa = XCBuildConfiguration;
			buildSettings = {
				ALWAYS_SEARCH_USER_PATHS = NO;
				CLANG_ANALYZER_NONNULL = YES;
				CLANG_ANALYZER_NUMBER_OBJECT_CONVERSION = YES_AGGRESSIVE;
				CLANG_CXX_LANGUAGE_STANDARD = "gnu++14";
				CLANG_CXX_LIBRARY = "libc++";
				CLANG_ENABLE_MODULES = YES;
				CLANG_ENABLE_OBJC_ARC = YES;
				CLANG_WARN_BLOCK_CAPTURE_AUTORELEASING = YES;
				CLANG_WARN_BOOL_CONVERSION = YES;
				CLANG_WARN_COMMA = YES;
				CLANG_WARN_CONSTANT_CONVERSION = YES;
				CLANG_WARN_DIRECT_OBJC_ISA_USAGE = YES_ERROR;
				CLANG_WARN_DOCUMENTATION_COMMENTS = YES;
				CLANG_WARN_EMPTY_BODY = YES;
				CLANG_WARN_ENUM_CONVERSION = YES;
				CLANG_WARN_INFINITE_RECURSION = YES;
				CLANG_WARN_INT_CONVERSION = YES;
				CLANG_WARN_NON_LITERAL_NULL_CONVERSION = YES;
				CLANG_WARN_OBJC_LITERAL_CONVERSION = YES;
				CLANG_WARN_OBJC_ROOT_CLASS = YES_ERROR;
				CLANG_WARN_RANGE_LOOP_ANALYSIS = YES;
				CLANG_WARN_STRICT_PROTOTYPES = YES;
				CLANG_WARN_SUSPICIOUS_MOVE = YES;
				CLANG_WARN_UNGUARDED_AVAILABILITY = YES_AGGRESSIVE;
				CLANG_WARN_UNREACHABLE_CODE = YES;
				CLANG_WARN__DUPLICATE_METHOD_MATCH = YES;
				CODE_SIGN_IDENTITY = "Mac Developer";
				COPY_PHASE_STRIP = NO;
				CURRENT_PROJECT_VERSION = 1;
				DEBUG_INFORMATION_FORMAT = dwarf;
				ENABLE_STRICT_OBJC_MSGSEND = YES;
				ENABLE_TESTABILITY = YES;
				GCC_C_LANGUAGE_STANDARD = gnu11;
				GCC_DYNAMIC_NO_PIC = NO;
				GCC_NO_COMMON_BLOCKS = YES;
				GCC_OPTIMIZATION_LEVEL = 0;
				GCC_PREPROCESSOR_DEFINITIONS = (
					"DEBUG=1",
					"$(inherited)",
				);
				GCC_WARN_64_TO_32_BIT_CONVERSION = YES;
				GCC_WARN_ABOUT_RETURN_TYPE = YES_ERROR;
				GCC_WARN_UNDECLARED_SELECTOR = YES;
				GCC_WARN_UNINITIALIZED_AUTOS = YES_AGGRESSIVE;
				GCC_WARN_UNUSED_FUNCTION = YES;
				GCC_WARN_UNUSED_VARIABLE = YES;
				MACOSX_DEPLOYMENT_TARGET = 10.13;
				MTL_ENABLE_DEBUG_INFO = YES;
				ONLY_ACTIVE_ARCH = YES;
				SDKROOT = macosx;
				SWIFT_ACTIVE_COMPILATION_CONDITIONS = DEBUG;
				SWIFT_OPTIMIZATION_LEVEL = "-Onone";
				VERSIONING_SYSTEM = "apple-generic";
				VERSION_INFO_PREFIX = "";
			};
			name = Debug;
		};
		74839460201CF36500562C4A /* Release */ = {
			isa = XCBuildConfiguration;
			buildSettings = {
				ALWAYS_SEARCH_USER_PATHS = NO;
				CLANG_ANALYZER_NONNULL = YES;
				CLANG_ANALYZER_NUMBER_OBJECT_CONVERSION = YES_AGGRESSIVE;
				CLANG_CXX_LANGUAGE_STANDARD = "gnu++14";
				CLANG_CXX_LIBRARY = "libc++";
				CLANG_ENABLE_MODULES = YES;
				CLANG_ENABLE_OBJC_ARC = YES;
				CLANG_WARN_BLOCK_CAPTURE_AUTORELEASING = YES;
				CLANG_WARN_BOOL_CONVERSION = YES;
				CLANG_WARN_COMMA = YES;
				CLANG_WARN_CONSTANT_CONVERSION = YES;
				CLANG_WARN_DIRECT_OBJC_ISA_USAGE = YES_ERROR;
				CLANG_WARN_DOCUMENTATION_COMMENTS = YES;
				CLANG_WARN_EMPTY_BODY = YES;
				CLANG_WARN_ENUM_CONVERSION = YES;
				CLANG_WARN_INFINITE_RECURSION = YES;
				CLANG_WARN_INT_CONVERSION = YES;
				CLANG_WARN_NON_LITERAL_NULL_CONVERSION = YES;
				CLANG_WARN_OBJC_LITERAL_CONVERSION = YES;
				CLANG_WARN_OBJC_ROOT_CLASS = YES_ERROR;
				CLANG_WARN_RANGE_LOOP_ANALYSIS = YES;
				CLANG_WARN_STRICT_PROTOTYPES = YES;
				CLANG_WARN_SUSPICIOUS_MOVE = YES;
				CLANG_WARN_UNGUARDED_AVAILABILITY = YES_AGGRESSIVE;
				CLANG_WARN_UNREACHABLE_CODE = YES;
				CLANG_WARN__DUPLICATE_METHOD_MATCH = YES;
				CODE_SIGN_IDENTITY = "Mac Developer";
				COPY_PHASE_STRIP = NO;
				CURRENT_PROJECT_VERSION = 1;
				DEBUG_INFORMATION_FORMAT = "dwarf-with-dsym";
				ENABLE_NS_ASSERTIONS = NO;
				ENABLE_STRICT_OBJC_MSGSEND = YES;
				GCC_C_LANGUAGE_STANDARD = gnu11;
				GCC_NO_COMMON_BLOCKS = YES;
				GCC_WARN_64_TO_32_BIT_CONVERSION = YES;
				GCC_WARN_ABOUT_RETURN_TYPE = YES_ERROR;
				GCC_WARN_UNDECLARED_SELECTOR = YES;
				GCC_WARN_UNINITIALIZED_AUTOS = YES_AGGRESSIVE;
				GCC_WARN_UNUSED_FUNCTION = YES;
				GCC_WARN_UNUSED_VARIABLE = YES;
				MACOSX_DEPLOYMENT_TARGET = 10.13;
				MTL_ENABLE_DEBUG_INFO = NO;
				SDKROOT = macosx;
				SWIFT_OPTIMIZATION_LEVEL = "-Owholemodule";
				VERSIONING_SYSTEM = "apple-generic";
				VERSION_INFO_PREFIX = "";
			};
			name = Release;
		};
		74839462201CF36500562C4A /* Debug */ = {
			isa = XCBuildConfiguration;
			buildSettings = {
				CLANG_ENABLE_MODULES = YES;
				CODE_SIGN_IDENTITY = "";
				CODE_SIGN_STYLE = Automatic;
				COMBINE_HIDPI_IMAGES = YES;
				DEFINES_MODULE = YES;
				DEVELOPMENT_TEAM = 7TD9A665TC;
				DYLIB_COMPATIBILITY_VERSION = 1;
				DYLIB_CURRENT_VERSION = 1;
				DYLIB_INSTALL_NAME_BASE = "@rpath";
				FRAMEWORK_VERSION = A;
				INFOPLIST_FILE = LearningEncoder/Info.plist;
				INSTALL_PATH = "$(LOCAL_LIBRARY_DIR)/Frameworks";
				LD_RUNPATH_SEARCH_PATHS = "$(inherited) @executable_path/../Frameworks @loader_path/Frameworks";
				PRODUCT_BUNDLE_IDENTIFIER = com.devian.LearningEncoder;
				PRODUCT_NAME = "$(TARGET_NAME:c99extidentifier)";
				SKIP_INSTALL = YES;
				SWIFT_OPTIMIZATION_LEVEL = "-Onone";
				SWIFT_VERSION = 4.0;
			};
			name = Debug;
		};
		74839463201CF36500562C4A /* Release */ = {
			isa = XCBuildConfiguration;
			buildSettings = {
				CLANG_ENABLE_MODULES = YES;
				CODE_SIGN_IDENTITY = "";
				CODE_SIGN_STYLE = Automatic;
				COMBINE_HIDPI_IMAGES = YES;
				DEFINES_MODULE = YES;
				DEVELOPMENT_TEAM = 7TD9A665TC;
				DYLIB_COMPATIBILITY_VERSION = 1;
				DYLIB_CURRENT_VERSION = 1;
				DYLIB_INSTALL_NAME_BASE = "@rpath";
				FRAMEWORK_VERSION = A;
				INFOPLIST_FILE = LearningEncoder/Info.plist;
				INSTALL_PATH = "$(LOCAL_LIBRARY_DIR)/Frameworks";
				LD_RUNPATH_SEARCH_PATHS = "$(inherited) @executable_path/../Frameworks @loader_path/Frameworks";
				PRODUCT_BUNDLE_IDENTIFIER = com.devian.LearningEncoder;
				PRODUCT_NAME = "$(TARGET_NAME:c99extidentifier)";
				SKIP_INSTALL = YES;
				SWIFT_VERSION = 4.0;
			};
			name = Release;
		};
		74839465201CF36500562C4A /* Debug */ = {
			isa = XCBuildConfiguration;
			buildSettings = {
				ALWAYS_EMBED_SWIFT_STANDARD_LIBRARIES = YES;
				CODE_SIGN_STYLE = Automatic;
				COMBINE_HIDPI_IMAGES = YES;
				DEVELOPMENT_TEAM = 7TD9A665TC;
				INFOPLIST_FILE = LearningEncoderTests/Info.plist;
				LD_RUNPATH_SEARCH_PATHS = "$(inherited) @executable_path/../Frameworks @loader_path/../Frameworks";
				PRODUCT_BUNDLE_IDENTIFIER = com.devian.LearningEncoderTests;
				PRODUCT_NAME = "$(TARGET_NAME)";
				SWIFT_VERSION = 4.0;
			};
			name = Debug;
		};
		74839466201CF36500562C4A /* Release */ = {
			isa = XCBuildConfiguration;
			buildSettings = {
				ALWAYS_EMBED_SWIFT_STANDARD_LIBRARIES = YES;
				CODE_SIGN_STYLE = Automatic;
				COMBINE_HIDPI_IMAGES = YES;
				DEVELOPMENT_TEAM = 7TD9A665TC;
				INFOPLIST_FILE = LearningEncoderTests/Info.plist;
				LD_RUNPATH_SEARCH_PATHS = "$(inherited) @executable_path/../Frameworks @loader_path/../Frameworks";
				PRODUCT_BUNDLE_IDENTIFIER = com.devian.LearningEncoderTests;
				PRODUCT_NAME = "$(TARGET_NAME)";
				SWIFT_VERSION = 4.0;
			};
			name = Release;
		};
/* End XCBuildConfiguration section */

/* Begin XCConfigurationList section */
		74839447201CF36400562C4A /* Build configuration list for PBXProject "LearningEncoder" */ = {
			isa = XCConfigurationList;
			buildConfigurations = (
				7483945F201CF36500562C4A /* Debug */,
				74839460201CF36500562C4A /* Release */,
			);
			defaultConfigurationIsVisible = 0;
			defaultConfigurationName = Release;
		};
		74839461201CF36500562C4A /* Build configuration list for PBXNativeTarget "LearningEncoder" */ = {
			isa = XCConfigurationList;
			buildConfigurations = (
				74839462201CF36500562C4A /* Debug */,
				74839463201CF36500562C4A /* Release */,
			);
			defaultConfigurationIsVisible = 0;
			defaultConfigurationName = Release;
		};
		74839464201CF36500562C4A /* Build configuration list for PBXNativeTarget "LearningEncoderTests" */ = {
			isa = XCConfigurationList;
			buildConfigurations = (
				74839465201CF36500562C4A /* Debug */,
				74839466201CF36500562C4A /* Release */,
			);
			defaultConfigurationIsVisible = 0;
			defaultConfigurationName = Release;
		};
/* End XCConfigurationList section */
	};
	rootObject = 74839444201CF36400562C4A /* Project object */;
}
